Microsoft Visual Studio Solution File, Format Version 12.00
# Visual Studio Version 17
VisualStudioVersion = 17.0.31903.59
MinimumVisualStudioVersion = 10.0.40219.1
Project("{9A19103F-16F7-4668-BE54-9A1E7A4F7556}") = "02-GettingStarted", "02-GettingStarted\02-GettingStarted.csproj", "{02000000-0000-0000-0000-000000000000}"
EndProject
Project("{9A19103F-16F7-4668-BE54-9A1E7A4F7556}") = "03-Querying", "03-Querying\03-Querying.csproj", "{03000000-0000-0000-0000-000000000000}"
EndProject
Project("{9A19103F-16F7-4668-BE54-9A1E7A4F7556}") = "04-Manipulating", "04-Manipulating\04-Manipulating.csproj", "{04000000-0000-0000-0000-000000000000}"
EndProject
Project("{9A19103F-16F7-4668-BE54-9A1E7A4F7556}") = "05-Migrations", "05-Migrations\05-Migrations.csproj", "{05000000-0000-0000-0000-000000000000}"
EndProject
Project("{9A19103F-16F7-4668-BE54-9A1E7A4F7556}") = "06-Relationships", "06-Relationships\06-Relationships.csproj", "{06000000-0000-0000-0000-000000000000}"
EndProject
Project("{9A19103F-16F7-4668-BE54-9A1E7A4F7556}") = "07-RawSQL", "07-RawSQL\07-RawSQL.csproj", "{07000000-0000-0000-0000-000000000000}"
EndProject
Project("{9A19103F-16F7-4668-BE54-9A1E7A4F7556}") = "08-AdditionalFeatures", "08-AdditionalFeatures\08-AdditionalFeatures.csproj", "{08000000-0000-0000-0000-000000000000}"
EndProject
Global
	GlobalSection(SolutionConfigurationPlatforms) = preSolution
		Debug|Any CPU = Debug|Any CPU
		Release|Any CPU = Release|Any CPU
	EndGlobalSection
	GlobalSection(ProjectConfigurationPlatforms) = postSolution
		{02000000-0000-0000-0000-000000000000}.Debug|Any CPU.ActiveCfg = Debug|Any CPU
		{02000000-0000-0000-0000-000000000000}.Debug|Any CPU.Build.0 = Debug|Any CPU
		{02000000-0000-0000-0000-000000000000}.Release|Any CPU.ActiveCfg = Release|Any CPU
		{02000000-0000-0000-0000-000000000000}.Release|Any CPU.Build.0 = Release|Any CPU
		{03000000-0000-0000-0000-000000000000}.Debug|Any CPU.ActiveCfg = Debug|Any CPU
		{03000000-0000-0000-0000-000000000000}.Debug|Any CPU.Build.0 = Debug|Any CPU
		{03000000-0000-0000-0000-000000000000}.Release|Any CPU.ActiveCfg = Release|Any CPU
		{03000000-0000-0000-0000-000000000000}.Release|Any CPU.Build.0 = Release|Any CPU
		{04000000-0000-0000-0000-000000000000}.Debug|Any CPU.ActiveCfg = Debug|Any CPU
		{04000000-0000-0000-0000-000000000000}.Debug|Any CPU.Build.0 = Debug|Any CPU
		{04000000-0000-0000-0000-000000000000}.Release|Any CPU.ActiveCfg = Release|Any CPU
		{04000000-0000-0000-0000-000000000000}.Release|Any CPU.Build.0 = Release|Any CPU
		{05000000-0000-0000-0000-000000000000}.Debug|Any CPU.ActiveCfg = Debug|Any CPU
		{05000000-0000-0000-0000-000000000000}.Debug|Any CPU.Build.0 = Debug|Any CPU
		{05000000-0000-0000-0000-000000000000}.Release|Any CPU.ActiveCfg = Release|Any CPU
		{05000000-0000-0000-0000-000000000000}.Release|Any CPU.Build.0 = Release|Any CPU
		{06000000-0000-0000-0000-000000000000}.Debug|Any CPU.ActiveCfg = Debug|Any CPU
		{06000000-0000-0000-0000-000000000000}.Debug|Any CPU.Build.0 = Debug|Any CPU
		{06000000-0000-0000-0000-000000000000}.Release|Any CPU.ActiveCfg = Release|Any CPU
		{06000000-0000-0000-0000-000000000000}.Release|Any CPU.Build.0 = Release|Any CPU
		{07000000-0000-0000-0000-000000000000}.Debug|Any CPU.ActiveCfg = Debug|Any CPU
		{07000000-0000-0000-0000-000000000000}.Debug|Any CPU.Build.0 = Debug|Any CPU
		{07000000-0000-0000-0000-000000000000}.Release|Any CPU.ActiveCfg = Release|Any CPU
		{07000000-0000-0000-0000-000000000000}.Release|Any CPU.Build.0 = Release|Any CPU
		{08000000-0000-0000-0000-000000000000}.Debug|Any CPU.ActiveCfg = Debug|Any CPU
		{08000000-0000-0000-0000-000000000000}.Debug|Any CPU.Build.0 = Debug|Any CPU
		{08000000-0000-0000-0000-000000000000}.Release|Any CPU.ActiveCfg = Release|Any CPU
		{08000000-0000-0000-0000-000000000000}.Release|Any CPU.Build.0 = Release|Any CPU
	EndGlobalSection
	GlobalSection(SolutionProperties) = preSolution
		HideSolutionNode = FALSE
	EndGlobalSection
	GlobalSection(ExtensibilityGlobals) = postSolution
		SolutionGuid = {00000000-0000-0000-0000-000000000000}
	EndGlobalSection
EndGlobal 